
Microsoft Visual Studio Solution File, Format Version 12.00
# Visual Studio Version 17
VisualStudioVersion = 17.1.32228.430
MinimumVisualStudioVersion = 10.0.40219.1
Project("{FAE04EC0-301F-11D3-BF4B-00C04F79EFBC}") = "BlazorApp1.Server", "BlazorApp1\Server\BlazorApp1.Server.csproj", "{EEE479F3-DFF4-492A-8174-F39CEC10957B}"
EndProject
Project("{FAE04EC0-301F-11D3-BF4B-00C04F79EFBC}") = "BlazorApp1.Client", "BlazorApp1\Client\BlazorApp1.Client.csproj", "{1D01F1EB-6918-4911-9754-901F342CB4A1}"
EndProject
Project("{FAE04EC0-301F-11D3-BF4B-00C04F79EFBC}") = "BlazorApp1.Shared", "BlazorApp1\Shared\BlazorApp1.Shared.csproj", "{A3B988D8-D648-4AC2-A597-CB87919DCC48}"
EndProject
Global
	GlobalSection(SolutionConfigurationPlatforms) = preSolution
		Debug|Any CPU = Debug|Any CPU
		Release|Any CPU = Release|Any CPU
	EndGlobalSection
	GlobalSection(ProjectConfigurationPlatforms) = postSolution
		{EEE479F3-DFF4-492A-8174-F39CEC10957B}.Debug|Any CPU.ActiveCfg = Debug|Any CPU
		{EEE479F3-DFF4-492A-8174-F39CEC10957B}.Debug|Any CPU.Build.0 = Debug|Any CPU
		{EEE479F3-DFF4-492A-8174-F39CEC10957B}.Release|Any CPU.ActiveCfg = Release|Any CPU
		{EEE479F3-DFF4-492A-8174-F39CEC10957B}.Release|Any CPU.Build.0 = Release|Any CPU
		{1D01F1EB-6918-4911-9754-901F342CB4A1}.Debug|Any CPU.ActiveCfg = Debug|Any CPU
		{1D01F1EB-6918-4911-9754-901F342CB4A1}.Debug|Any CPU.Build.0 = Debug|Any CPU
		{1D01F1EB-6918-4911-9754-901F342CB4A1}.Release|Any CPU.ActiveCfg = Release|Any CPU
		{1D01F1EB-6918-4911-9754-901F342CB4A1}.Release|Any CPU.Build.0 = Release|Any CPU
		{A3B988D8-D648-4AC2-A597-CB87919DCC48}.Debug|Any CPU.ActiveCfg = Debug|Any CPU
		{A3B988D8-D648-4AC2-A597-CB87919DCC48}.Debug|Any CPU.Build.0 = Debug|Any CPU
		{A3B988D8-D648-4AC2-A597-CB87919DCC48}.Release|Any CPU.ActiveCfg = Release|Any CPU
		{A3B988D8-D648-4AC2-A597-CB87919DCC48}.Release|Any CPU.Build.0 = Release|Any CPU
	EndGlobalSection
	GlobalSection(SolutionProperties) = preSolution
		HideSolutionNode = FALSE
	EndGlobalSection
	GlobalSection(ExtensibilityGlobals) = postSolution
		SolutionGuid = {827A816A-A4DF-4F8F-8175-5E1D786F0E9A}
	EndGlobalSection
EndGlobal
